
Microsoft Visual Studio Solution File, Format Version 12.00
# Visual Studio Version 16
VisualStudioVersion = 25.0.1706.6
MinimumVisualStudioVersion = 10.0.40219.1
Project("{FAE04EC0-301F-11D3-BF4B-00C04F79EFBC}") = "simple_inventory_management_system", "simple_inventory_management_system\simple_inventory_management_system.csproj", "{2601C5B1-F60B-47F9-8804-A5FF98E09193}"
EndProject
Global
	GlobalSection(SolutionConfigurationPlatforms) = preSolution
		Debug|Any CPU = Debug|Any CPU
		Release|Any CPU = Release|Any CPU
	EndGlobalSection
	GlobalSection(ProjectConfigurationPlatforms) = postSolution
		{2601C5B1-F60B-47F9-8804-A5FF98E09193}.Debug|Any CPU.ActiveCfg = Debug|Any CPU
		{2601C5B1-F60B-47F9-8804-A5FF98E09193}.Debug|Any CPU.Build.0 = Debug|Any CPU
		{2601C5B1-F60B-47F9-8804-A5FF98E09193}.Release|Any CPU.ActiveCfg = Release|Any CPU
		{2601C5B1-F60B-47F9-8804-A5FF98E09193}.Release|Any CPU.Build.0 = Release|Any CPU
	EndGlobalSection
	GlobalSection(SolutionProperties) = preSolution
		HideSolutionNode = FALSE
	EndGlobalSection
	GlobalSection(ExtensibilityGlobals) = postSolution
		SolutionGuid = {A070CA02-4021-4AC7-9452-BA3F962942EB}
	EndGlobalSection
EndGlobal
